
Microsoft Visual Studio Solution File, Format Version 12.00
# Visual Studio Version 17
VisualStudioVersion = 17.1.32414.318
MinimumVisualStudioVersion = 10.0.40219.1
Project("{FAE04EC0-301F-11D3-BF4B-00C04F79EFBC}") = "BlindEye.XInput", "src\XInput\XInput.csproj", "{EDD11423-CC30-4BF7-942C-19EB752450D6}"
EndProject
Global
	GlobalSection(SolutionConfigurationPlatforms) = preSolution
		Debug|Any CPU = Debug|Any CPU
		Release|Any CPU = Release|Any CPU
	EndGlobalSection
	GlobalSection(ProjectConfigurationPlatforms) = postSolution
		{EDD11423-CC30-4BF7-942C-19EB752450D6}.Debug|Any CPU.ActiveCfg = Debug|Any CPU
		{EDD11423-CC30-4BF7-942C-19EB752450D6}.Debug|Any CPU.Build.0 = Debug|Any CPU
		{EDD11423-CC30-4BF7-942C-19EB752450D6}.Release|Any CPU.ActiveCfg = Release|Any CPU
		{EDD11423-CC30-4BF7-942C-19EB752450D6}.Release|Any CPU.Build.0 = Release|Any CPU
	EndGlobalSection
	GlobalSection(SolutionProperties) = preSolution
		HideSolutionNode = FALSE
	EndGlobalSection
	GlobalSection(ExtensibilityGlobals) = postSolution
		SolutionGuid = {03078A5A-11C7-4147-9F22-1EB8F3AB786B}
	EndGlobalSection
EndGlobal
